wechat message send at : 2015-11-11 18:33:12\r\n sent to openid : oykzLjh42aOfwVZEnfrjnjIIemXU, content : 顾客Leung您好，恭喜您在今晚的人头马“才华挑战”游戏中排名第1，获得本酒吧游戏互动大奖。您可凭此条信息于24小时内至本酒吧人头马现场导购员处领取人头马CLUB特优香槟干邑70CL一瓶！感谢您的参与，期待您继续支持人头马！, result:s:106:"{"errcode":45015,"errmsg":"response out of time limit or subscription is canceled hint: [zvI4sA0993age6]"}";\r\n sent to openid : oykzLjhj39xsgsMgW0YsanIPfiT0, content : 顾客Allan您好，您在今晚的人头马“才华挑战”游戏中排名第1，感谢你的参与，期待您继续支持人头马！, result:s:106:"{"errcode":45015,"errmsg":"response out of time limit or subscription is canceled hint: [.N10dA0993age1]"}";\r\n sent to openid : oykzLjgi_F90do0lCLG891QSdwRA, content : 顾客阿不您好，您在今晚的人头马“才华挑战”游戏中排名第2，感谢你的参与，期待您继续支持人头马！, result:s:106:"{"errcode":45015,"errmsg":"response out of time limit or subscription is canceled hint: [I5qjda0993age4]"}";\r\n sent to openid : oykzLjvwZxnIDsj5qoMMYwbrJ4f8, content : 顾客CiCi_菜菜子🔻您好，您在今晚的人头马“才华挑战”游戏中排名第3，感谢你的参与，期待您继续支持人头马！, result:s:27:"{"errcode":0,"errmsg":"ok"}";\r\n -------------------------------------------------- \r\n