wechat message send at : 2015-11-10 00:55:02\r\n sent to openid : oykzLjsYFMzYUggWEJhOtN9Il6kE, content : 顾客Harris您好，恭喜您在今晚的人头马“才华挑战”游戏中排名第1，获得本酒吧游戏互动大奖。您可凭此条信息于24小时内至本酒吧人头马现场导购员处领取人头马CLUB特优香槟干邑70CL一瓶！感谢您的参与，期待您继续支持人头马！, result:s:27:"{"errcode":0,"errmsg":"ok"}";\r\n sent to openid : oykzLjpoB5EJHhIP55CfnPshoqwk, content : 顾客ANGELO您好，恭喜您在今晚的人头马“才华挑战”游戏中排名第2，获得本酒吧游戏互动大奖。您可凭此条信息于24小时内至本酒吧人头马现场导购员处领取人头马CLUB特优香槟干邑70CL一瓶！感谢您的参与，期待您继续支持人头马！, result:s:27:"{"errcode":0,"errmsg":"ok"}";\r\n sent to openid : oykzLjh42aOfwVZEnfrjnjIIemXU, content : 顾客Leung您好，您在今晚的人头马“才华挑战”游戏中排名第3，感谢你的参与，期待您继续支持人头马！, result:s:27:"{"errcode":0,"errmsg":"ok"}";\r\n sent to openid : oykzLjhj39xsgsMgW0YsanIPfiT0, content : 顾客Allan您好，您在今晚的人头马“才华挑战”游戏中排名第1，感谢你的参与，期待您继续支持人头马！, result:s:106:"{"errcode":45015,"errmsg":"response out of time limit or subscription is canceled hint: [E26dUa0103age1]"}";\r\n sent to openid : oykzLjlGSF1iPpdwSsaoBN_4l8tM, content : 顾客Kennyg您好，您在今晚的人头马“才华挑战”游戏中排名第2，感谢你的参与，期待您继续支持人头马！, result:s:106:"{"errcode":45015,"errmsg":"response out of time limit or subscription is canceled hint: [LzqijA0103age7]"}";\r\n sent to openid : oykzLjhvW9U-x6jyKVn7t8K4IpUY, content : 顾客陈某某清❄您好，您在今晚的人头马“才华挑战”游戏中排名第3，感谢你的参与，期待您继续支持人头马！, result:s:27:"{"errcode":0,"errmsg":"ok"}";\r\n sent to openid : oykzLjlCNEWldXKhpMMe8HygD_Wo, content : 顾客吴励您好，您在今晚的人头马“才华挑战”游戏中排名第4，感谢你的参与，期待您继续支持人头马！, result:s:106:"{"errcode":45015,"errmsg":"response out of time limit or subscription is canceled hint: [D3iLLA0104age1]"}";\r\n sent to openid : oykzLjshypTsGv0xKz8FGaxE__fI, content : 顾客Harry.Leezi您好，您在今晚的人头马“才华挑战”游戏中排名第5，感谢你的参与，期待您继续支持人头马！, result:s:106:"{"errcode":45015,"errmsg":"response out of time limit or subscription is canceled hint: [M5.RCa0104age1]"}";\r\n sent to openid : oykzLjrxsRGZpisaowXHiMQ6Fn6M, content : 顾客allanwho.伊布拉辛.菠萝油道长您好，您在今晚的人头马“才华挑战”游戏中排名第6，感谢你的参与，期待您继续支持人头马！, result:s:27:"{"errcode":0,"errmsg":"ok"}";\r\n sent to openid : oykzLjhQA02BHpf-0dYcQQCuR4lM, content : 顾客涛走云👍您好，您在今晚的人头马“才华挑战”游戏中排名第7，感谢你的参与，期待您继续支持人头马！, result:s:106:"{"errcode":45015,"errmsg":"response out of time limit or subscription is canceled hint: [5RmNQa0104age5]"}";\r\n sent to openid : oykzLjqAKPCPPjpU5IgFSnBevME8, content : 顾客踢飞您好，您在今晚的人头马“才华挑战”游戏中排名第8，感谢你的参与，期待您继续支持人头马！, result:s:106:"{"errcode":45015,"errmsg":"response out of time limit or subscription is canceled hint: [235Rta0104age7]"}";\r\n sent to openid : oykzLjsYduhicyx5rIiVILVFjnlo, content : 顾客👑钟离伯涛👑您好，您在今晚的人头马“才华挑战”游戏中排名第9，感谢你的参与，期待您继续支持人头马！, result:s:106:"{"errcode":45015,"errmsg":"response out of time limit or subscription is canceled hint: [Yet0DA0104age9]"}";\r\n sent to openid : oykzLjug_p9cfet8SERlcLmqQBFA, content : 顾客我是V同学您好，您在今晚的人头马“才华挑战”游戏中排名第10，感谢你的参与，期待您继续支持人头马！, result:s:106:"{"errcode":45015,"errmsg":"response out of time limit or subscription is canceled hint: [1.L1va0104age1]"}";\r\n sent to openid : oykzLjnbkCVtij3ZnFOEMbpKMBhU, content : 顾客Queen👑B您好，您在今晚的人头马“才华挑战”游戏中排名第11，感谢你的参与，期待您继续支持人头马！, result:s:27:"{"errcode":0,"errmsg":"ok"}";\r\n sent to openid : oykzLjgWLmYSd7ktODn81Vtoq1KY, content : 顾客SwaLloW您好，您在今晚的人头马“才华挑战”游戏中排名第12，感谢你的参与，期待您继续支持人头马！, result:s:106:"{"errcode":45015,"errmsg":"response out of time limit or subscription is canceled hint: [wwKyaa0105age1]"}";\r\n sent to openid : oykzLjk3GHlwCACJDpcaisIcxYNA, content : 顾客蔡梓欣您好，您在今晚的人头马“才华挑战”游戏中排名第13，感谢你的参与，期待您继续支持人头马！, result:s:101:"{"errcode":45015,"errmsg":"response out of time limit or subscription is canceled hint: [W0105age6]"}";\r\n -------------------------------------------------- \r\n