wechat message send at : 2015-11-09 16:12:07\r\n sent to openid : oykzLjsYFMzYUggWEJhOtN9Il6kE, content : 顾客Harris您好，恭喜您在今晚的人头马“才华挑战”游戏中排名第1，获得本酒吧游戏互动大奖。您可凭此条信息于24小时内至本酒吧人头马现场导购员处领取人头马CLUB特优香槟干邑70CL一瓶！感谢您的参与，期待您继续支持人头马！, result:s:109:"{"errcode":40001,"errmsg":"invalid credential, access_token is invalid or not latest hint: [A5h_SA0737age4]"}";\r\n sent to openid : oykzLjpoB5EJHhIP55CfnPshoqwk, content : 顾客ANGELO您好，恭喜您在今晚的人头马“才华挑战”游戏中排名第2，获得本酒吧游戏互动大奖。您可凭此条信息于24小时内至本酒吧人头马现场导购员处领取人头马CLUB特优香槟干邑70CL一瓶！感谢您的参与，期待您继续支持人头马！, result:s:109:"{"errcode":40001,"errmsg":"invalid credential, access_token is invalid or not latest hint: [7I6FmA0737age6]"}";\r\n sent to openid : oykzLjh42aOfwVZEnfrjnjIIemXU, content : 顾客Leung您好，您在今晚的人头马“才华挑战”游戏中排名第3，感谢你的参与，期待您继续支持人头马！, result:s:104:"{"errcode":40001,"errmsg":"invalid credential, access_token is invalid or not latest hint: [h0737age6]"}";\r\n sent to openid : oykzLjhj39xsgsMgW0YsanIPfiT0, content : 顾客Allan您好，您在今晚的人头马“才华挑战”游戏中排名第1，感谢你的参与，期待您继续支持人头马！, result:s:109:"{"errcode":40001,"errmsg":"invalid credential, access_token is invalid or not latest hint: [yKs2Na0737age8]"}";\r\n sent to openid : oykzLjlCNEWldXKhpMMe8HygD_Wo, content : 顾客吴励您好，您在今晚的人头马“才华挑战”游戏中排名第2，感谢你的参与，期待您继续支持人头马！, result:s:109:"{"errcode":40001,"errmsg":"invalid credential, access_token is invalid or not latest hint: [P.ncxa0737age5]"}";\r\n sent to openid : oykzLjshypTsGv0xKz8FGaxE__fI, content : 顾客Harry.Leezi您好，您在今晚的人头马“才华挑战”游戏中排名第3，感谢你的参与，期待您继续支持人头马！, result:s:109:"{"errcode":40001,"errmsg":"invalid credential, access_token is invalid or not latest hint: [ejZHaA0737age7]"}";\r\n sent to openid : oykzLjhvW9U-x6jyKVn7t8K4IpUY, content : 顾客陈某某清❄您好，您在今晚的人头马“才华挑战”游戏中排名第4，感谢你的参与，期待您继续支持人头马！, result:s:109:"{"errcode":40001,"errmsg":"invalid credential, access_token is invalid or not latest hint: [RpUtlA0737age3]"}";\r\n sent to openid : oykzLjsYduhicyx5rIiVILVFjnlo, content : 顾客👑钟离伯涛👑您好，您在今晚的人头马“才华挑战”游戏中排名第5，感谢你的参与，期待您继续支持人头马！, result:s:109:"{"errcode":40001,"errmsg":"invalid credential, access_token is invalid or not latest hint: [KJTaua0737age8]"}";\r\n sent to openid : oykzLjhQA02BHpf-0dYcQQCuR4lM, content : 顾客涛走云👍您好，您在今晚的人头马“才华挑战”游戏中排名第6，感谢你的参与，期待您继续支持人头马！, result:s:109:"{"errcode":40001,"errmsg":"invalid credential, access_token is invalid or not latest hint: [NT39Qa0737age1]"}";\r\n -------------------------------------------------- \r\n